
Microsoft Visual Studio Solution File, Format Version 12.00
# Visual Studio 15
VisualStudioVersion = 15.0.28010.2016
MinimumVisualStudioVersion = 10.0.40219.1
Project("{FAE04EC0-301F-11D3-BF4B-00C04F79EFBC}") = "AddingNaturalNumbers", "AddingNaturalNumbers\AddingNaturalNumbers.csproj", "{E67C6957-FA4E-43DE-B99A-6EAFB6F8F2D6}"
EndProject
Global
	GlobalSection(SolutionConfigurationPlatforms) = preSolution
		Debug|Any CPU = Debug|Any CPU
		Release|Any CPU = Release|Any CPU
	EndGlobalSection
	GlobalSection(ProjectConfigurationPlatforms) = postSolution
		{E67C6957-FA4E-43DE-B99A-6EAFB6F8F2D6}.Debug|Any CPU.ActiveCfg = Debug|Any CPU
		{E67C6957-FA4E-43DE-B99A-6EAFB6F8F2D6}.Debug|Any CPU.Build.0 = Debug|Any CPU
		{E67C6957-FA4E-43DE-B99A-6EAFB6F8F2D6}.Release|Any CPU.ActiveCfg = Release|Any CPU
		{E67C6957-FA4E-43DE-B99A-6EAFB6F8F2D6}.Release|Any CPU.Build.0 = Release|Any CPU
	EndGlobalSection
	GlobalSection(SolutionProperties) = preSolution
		HideSolutionNode = FALSE
	EndGlobalSection
	GlobalSection(ExtensibilityGlobals) = postSolution
		SolutionGuid = {F0494EAD-BC28-437B-B1C7-9E58916960CC}
	EndGlobalSection
EndGlobal
