
Microsoft Visual Studio Solution File, Format Version 12.00
# Visual Studio 15
VisualStudioVersion = 15.0.28010.2003
MinimumVisualStudioVersion = 10.0.40219.1
Project("{FAE04EC0-301F-11D3-BF4B-00C04F79EFBC}") = "Practice", "Practice\Practice.csproj", "{94CCE833-7081-4D75-A28C-E9EADEDD439B}"
EndProject
Global
	GlobalSection(SolutionConfigurationPlatforms) = preSolution
		Debug|Any CPU = Debug|Any CPU
		Release|Any CPU = Release|Any CPU
	EndGlobalSection
	GlobalSection(ProjectConfigurationPlatforms) = postSolution
		{94CCE833-7081-4D75-A28C-E9EADEDD439B}.Debug|Any CPU.ActiveCfg = Debug|Any CPU
		{94CCE833-7081-4D75-A28C-E9EADEDD439B}.Debug|Any CPU.Build.0 = Debug|Any CPU
		{94CCE833-7081-4D75-A28C-E9EADEDD439B}.Release|Any CPU.ActiveCfg = Release|Any CPU
		{94CCE833-7081-4D75-A28C-E9EADEDD439B}.Release|Any CPU.Build.0 = Release|Any CPU
	EndGlobalSection
	GlobalSection(SolutionProperties) = preSolution
		HideSolutionNode = FALSE
	EndGlobalSection
	GlobalSection(ExtensibilityGlobals) = postSolution
		SolutionGuid = {576195A8-341C-4A16-93B8-DF298F1EC1F7}
	EndGlobalSection
EndGlobal
