
Microsoft Visual Studio Solution File, Format Version 12.00
# Visual Studio 15
VisualStudioVersion = 15.0.28010.2016
MinimumVisualStudioVersion = 10.0.40219.1
Project("{FAE04EC0-301F-11D3-BF4B-00C04F79EFBC}") = "MVCPractice", "MVCPractice\MVCPractice.csproj", "{5B524E77-23BD-43A1-BD22-49CB36FAEB8D}"
EndProject
Global
	GlobalSection(SolutionConfigurationPlatforms) = preSolution
		Debug|Any CPU = Debug|Any CPU
		Release|Any CPU = Release|Any CPU
	EndGlobalSection
	GlobalSection(ProjectConfigurationPlatforms) = postSolution
		{5B524E77-23BD-43A1-BD22-49CB36FAEB8D}.Debug|Any CPU.ActiveCfg = Debug|Any CPU
		{5B524E77-23BD-43A1-BD22-49CB36FAEB8D}.Debug|Any CPU.Build.0 = Debug|Any CPU
		{5B524E77-23BD-43A1-BD22-49CB36FAEB8D}.Release|Any CPU.ActiveCfg = Release|Any CPU
		{5B524E77-23BD-43A1-BD22-49CB36FAEB8D}.Release|Any CPU.Build.0 = Release|Any CPU
	EndGlobalSection
	GlobalSection(SolutionProperties) = preSolution
		HideSolutionNode = FALSE
	EndGlobalSection
	GlobalSection(ExtensibilityGlobals) = postSolution
		SolutionGuid = {C6D6EE23-9789-488F-878B-6C72196DA8E3}
	EndGlobalSection
EndGlobal
