
Microsoft Visual Studio Solution File, Format Version 12.00
# Visual Studio 15
VisualStudioVersion = 15.0.27703.2042
MinimumVisualStudioVersion = 10.0.40219.1
Project("{FAE04EC0-301F-11D3-BF4B-00C04F79EFBC}") = "Enum", "Enum\Enum.csproj", "{0CAB289B-0E61-45FB-A24B-FE42F8D33303}"
EndProject
Global
	GlobalSection(SolutionConfigurationPlatforms) = preSolution
		Debug|Any CPU = Debug|Any CPU
		Release|Any CPU = Release|Any CPU
	EndGlobalSection
	GlobalSection(ProjectConfigurationPlatforms) = postSolution
		{0CAB289B-0E61-45FB-A24B-FE42F8D33303}.Debug|Any CPU.ActiveCfg = Debug|Any CPU
		{0CAB289B-0E61-45FB-A24B-FE42F8D33303}.Debug|Any CPU.Build.0 = Debug|Any CPU
		{0CAB289B-0E61-45FB-A24B-FE42F8D33303}.Release|Any CPU.ActiveCfg = Release|Any CPU
		{0CAB289B-0E61-45FB-A24B-FE42F8D33303}.Release|Any CPU.Build.0 = Release|Any CPU
	EndGlobalSection
	GlobalSection(SolutionProperties) = preSolution
		HideSolutionNode = FALSE
	EndGlobalSection
	GlobalSection(ExtensibilityGlobals) = postSolution
		SolutionGuid = {76360D4C-5A6E-4485-A852-7EF77D5B7671}
	EndGlobalSection
EndGlobal
